
Microsoft Visual Studio Solution File, Format Version 12.00
# Visual Studio Version 16
VisualStudioVersion = 16.0.29424.173
MinimumVisualStudioVersion = 10.0.40219.1
Project("{FAE04EC0-301F-11D3-BF4B-00C04F79EFBC}") = "CelebrationCinema", "CelebrationCinema.csproj", "{5964AC97-8A3C-4340-A980-3F91E7AC0DA6}"
EndProject
Global
	GlobalSection(SolutionConfigurationPlatforms) = preSolution
		Debug|Any CPU = Debug|Any CPU
		Release|Any CPU = Release|Any CPU
	EndGlobalSection
	GlobalSection(ProjectConfigurationPlatforms) = postSolution
		{5964AC97-8A3C-4340-A980-3F91E7AC0DA6}.Debug|Any CPU.ActiveCfg = Debug|Any CPU
		{5964AC97-8A3C-4340-A980-3F91E7AC0DA6}.Debug|Any CPU.Build.0 = Debug|Any CPU
		{5964AC97-8A3C-4340-A980-3F91E7AC0DA6}.Release|Any CPU.ActiveCfg = Release|Any CPU
		{5964AC97-8A3C-4340-A980-3F91E7AC0DA6}.Release|Any CPU.Build.0 = Release|Any CPU
	EndGlobalSection
	GlobalSection(SolutionProperties) = preSolution
		HideSolutionNode = FALSE
	EndGlobalSection
	GlobalSection(ExtensibilityGlobals) = postSolution
		SolutionGuid = {582C67A2-465A-4ECC-9F77-6E127F5BA518}
	EndGlobalSection
EndGlobal
